{
  "lockfileVersion": 1,
  "configVersion": 0,
  "workspaces": {
    "": {
      "name": "consult",
      "dependencies": {
        "@agentclientprotocol/sdk": "0.21.0",
      },
    },
  },
  "packages": {
    "@agentclientprotocol/sdk": ["@agentclientprotocol/sdk@0.21.0", "", { "peerDependencies": { "zod": "^3.25.0 || ^4.0.0" } }, "sha512-ONj+Q8qOdNQp5XbH5jnMwzT9IKZJsSN0p0lkceS4GtUtNOPVLpNzSS8gqQdGMKfBvA0ESbkL8BTaSN1Rc9miEw=="],

    "zod": ["zod@4.4.3", "", {}, "sha512-ytENFjIJFl2UwYglde2jchW2Hwm4GJFLDiSXWdTrJQBIN9Fcyp7n4DhxJEiWNAJMV1/BqWfW/kkg71UDcHJyTQ=="],
  }
}
